
Microsoft Visual Studio Solution File, Format Version 12.00
# Visual Studio Version 17
VisualStudioVersion = 17.14.36511.14 d17.14
MinimumVisualStudioVersion = 10.0.40219.1
Project("{FAE04EC0-301F-11D3-BF4B-00C04F79EFBC}") = "GeoLocationSQLScript", "GeoLocationSQLScript.csproj", "{753C576A-714B-4AB8-BA65-2DBA1CDF0C9F}"
EndProject
Global
	GlobalSection(SolutionConfigurationPlatforms) = preSolution
		Debug|Any CPU = Debug|Any CPU
		Release|Any CPU = Release|Any CPU
	EndGlobalSection
	GlobalSection(ProjectConfigurationPlatforms) = postSolution
		{753C576A-714B-4AB8-BA65-2DBA1CDF0C9F}.Debug|Any CPU.ActiveCfg = Debug|Any CPU
		{753C576A-714B-4AB8-BA65-2DBA1CDF0C9F}.Debug|Any CPU.Build.0 = Debug|Any CPU
		{753C576A-714B-4AB8-BA65-2DBA1CDF0C9F}.Release|Any CPU.ActiveCfg = Release|Any CPU
		{753C576A-714B-4AB8-BA65-2DBA1CDF0C9F}.Release|Any CPU.Build.0 = Release|Any CPU
	EndGlobalSection
	GlobalSection(SolutionProperties) = preSolution
		HideSolutionNode = FALSE
	EndGlobalSection
	GlobalSection(ExtensibilityGlobals) = postSolution
		SolutionGuid = {BC983F10-BF3A-4557-98F1-197F98CB52BE}
	EndGlobalSection
EndGlobal
